
Microsoft Visual Studio Solution File, Format Version 12.00
Project("{2150E333-8FDC-42A3-9474-1A3956D46DE8}") = "Src", "Src", "{343A6F25-A8F3-4C73-997D-36CDB0BEC327}"
EndProject
Project("{2150E333-8FDC-42A3-9474-1A3956D46DE8}") = "Common", "Common", "{1CD1A720-B2A0-4C9D-AADB-AB1EA80BDCF3}"
EndProject
Project("{2150E333-8FDC-42A3-9474-1A3956D46DE8}") = "Core", "Core", "{6DA4C379-658F-463C-8581-E1E534F19F90}"
EndProject
Project("{2150E333-8FDC-42A3-9474-1A3956D46DE8}") = "Infrastructure", "Infrastructure", "{4EDBB37B-9633-4BC7-8035-DB46146C258E}"
EndProject
Project("{2150E333-8FDC-42A3-9474-1A3956D46DE8}") = "Presentation", "Presentation", "{6F9266F4-24FC-4B9D-8929-7A1C16E8EBA9}"
EndProject
Project("{FAE04EC0-301F-11D3-BF4B-00C04F79EFBC}") = "DDDProject.Common", "DDDProject.Common\DDDProject.Common.csproj", "{5B7D4A9C-55D2-4012-8E91-2CF1DFEDF2D8}"
EndProject
Project("{FAE04EC0-301F-11D3-BF4B-00C04F79EFBC}") = "DDDProject.Application", "DDDProject.Application\DDDProject.Application.csproj", "{CB505AF4-EC80-43E4-B6BC-54A92D13749F}"
EndProject
Project("{FAE04EC0-301F-11D3-BF4B-00C04F79EFBC}") = "DDDProject.Infrastructure", "DDDProject.Infrastructure\DDDProject.Infrastructure.csproj", "{53F8481E-78B2-476E-ABDF-DE44EC904DB2}"
EndProject
Project("{FAE04EC0-301F-11D3-BF4B-00C04F79EFBC}") = "DDDProject.API", "DDDProject.API\DDDProject.API.csproj", "{4A173E72-7097-4EF5-BE1C-FFE315A6B0EC}"
EndProject
Project("{FAE04EC0-301F-11D3-BF4B-00C04F79EFBC}") = "DDDProject.Domain", "DDDProject.Domain\DDDProject.Domain.csproj", "{0114C0A3-A155-4DB5-92B4-73990359C1AE}"
EndProject
Project("{FAE04EC0-301F-11D3-BF4B-00C04F79EFBC}") = "DDDProject.Persistence", "DDDProject.Persistence\DDDProject.Persistence.csproj", "{097ADC23-2094-4951-AAB8-0EAE203FB02B}"
EndProject
Global
	GlobalSection(SolutionConfigurationPlatforms) = preSolution
		Debug|Any CPU = Debug|Any CPU
		Release|Any CPU = Release|Any CPU
	EndGlobalSection
	GlobalSection(NestedProjects) = preSolution
		{1CD1A720-B2A0-4C9D-AADB-AB1EA80BDCF3} = {343A6F25-A8F3-4C73-997D-36CDB0BEC327}
		{6DA4C379-658F-463C-8581-E1E534F19F90} = {343A6F25-A8F3-4C73-997D-36CDB0BEC327}
		{4EDBB37B-9633-4BC7-8035-DB46146C258E} = {343A6F25-A8F3-4C73-997D-36CDB0BEC327}
		{6F9266F4-24FC-4B9D-8929-7A1C16E8EBA9} = {343A6F25-A8F3-4C73-997D-36CDB0BEC327}
		{5B7D4A9C-55D2-4012-8E91-2CF1DFEDF2D8} = {1CD1A720-B2A0-4C9D-AADB-AB1EA80BDCF3}
		{CB505AF4-EC80-43E4-B6BC-54A92D13749F} = {6DA4C379-658F-463C-8581-E1E534F19F90}
		{53F8481E-78B2-476E-ABDF-DE44EC904DB2} = {4EDBB37B-9633-4BC7-8035-DB46146C258E}
		{4A173E72-7097-4EF5-BE1C-FFE315A6B0EC} = {6F9266F4-24FC-4B9D-8929-7A1C16E8EBA9}
		{0114C0A3-A155-4DB5-92B4-73990359C1AE} = {6DA4C379-658F-463C-8581-E1E534F19F90}
		{097ADC23-2094-4951-AAB8-0EAE203FB02B} = {4EDBB37B-9633-4BC7-8035-DB46146C258E}
	EndGlobalSection
	GlobalSection(ProjectConfigurationPlatforms) = postSolution
		{5B7D4A9C-55D2-4012-8E91-2CF1DFEDF2D8}.Debug|Any CPU.ActiveCfg = Debug|Any CPU
		{5B7D4A9C-55D2-4012-8E91-2CF1DFEDF2D8}.Debug|Any CPU.Build.0 = Debug|Any CPU
		{5B7D4A9C-55D2-4012-8E91-2CF1DFEDF2D8}.Release|Any CPU.ActiveCfg = Release|Any CPU
		{5B7D4A9C-55D2-4012-8E91-2CF1DFEDF2D8}.Release|Any CPU.Build.0 = Release|Any CPU
		{CB505AF4-EC80-43E4-B6BC-54A92D13749F}.Debug|Any CPU.ActiveCfg = Debug|Any CPU
		{CB505AF4-EC80-43E4-B6BC-54A92D13749F}.Debug|Any CPU.Build.0 = Debug|Any CPU
		{CB505AF4-EC80-43E4-B6BC-54A92D13749F}.Release|Any CPU.ActiveCfg = Release|Any CPU
		{CB505AF4-EC80-43E4-B6BC-54A92D13749F}.Release|Any CPU.Build.0 = Release|Any CPU
		{53F8481E-78B2-476E-ABDF-DE44EC904DB2}.Debug|Any CPU.ActiveCfg = Debug|Any CPU
		{53F8481E-78B2-476E-ABDF-DE44EC904DB2}.Debug|Any CPU.Build.0 = Debug|Any CPU
		{53F8481E-78B2-476E-ABDF-DE44EC904DB2}.Release|Any CPU.ActiveCfg = Release|Any CPU
		{53F8481E-78B2-476E-ABDF-DE44EC904DB2}.Release|Any CPU.Build.0 = Release|Any CPU
		{4A173E72-7097-4EF5-BE1C-FFE315A6B0EC}.Debug|Any CPU.ActiveCfg = Debug|Any CPU
		{4A173E72-7097-4EF5-BE1C-FFE315A6B0EC}.Debug|Any CPU.Build.0 = Debug|Any CPU
		{4A173E72-7097-4EF5-BE1C-FFE315A6B0EC}.Release|Any CPU.ActiveCfg = Release|Any CPU
		{4A173E72-7097-4EF5-BE1C-FFE315A6B0EC}.Release|Any CPU.Build.0 = Release|Any CPU
		{0114C0A3-A155-4DB5-92B4-73990359C1AE}.Debug|Any CPU.ActiveCfg = Debug|Any CPU
		{0114C0A3-A155-4DB5-92B4-73990359C1AE}.Debug|Any CPU.Build.0 = Debug|Any CPU
		{0114C0A3-A155-4DB5-92B4-73990359C1AE}.Release|Any CPU.ActiveCfg = Release|Any CPU
		{0114C0A3-A155-4DB5-92B4-73990359C1AE}.Release|Any CPU.Build.0 = Release|Any CPU
		{097ADC23-2094-4951-AAB8-0EAE203FB02B}.Debug|Any CPU.ActiveCfg = Debug|Any CPU
		{097ADC23-2094-4951-AAB8-0EAE203FB02B}.Debug|Any CPU.Build.0 = Debug|Any CPU
		{097ADC23-2094-4951-AAB8-0EAE203FB02B}.Release|Any CPU.ActiveCfg = Release|Any CPU
		{097ADC23-2094-4951-AAB8-0EAE203FB02B}.Release|Any CPU.Build.0 = Release|Any CPU
	EndGlobalSection
EndGlobal
